dependencies:
- name: cilium
  repository: https://helm.cilium.io/
  version: 1.17.5
- name: postgresql
  repository: oci://registry-1.docker.io/bitnamicharts
  version: 16.7.14
digest: sha256:8122367725f234c0175ad69f5b2f4320ee3150f3192c72efe72d9b87f8083a32
generated: "2025-06-30T15:33:19.048857-07:00"
