dependencies:
- name: postgresql
  repository: oci://registry-1.docker.io/bitnamicharts
  version: 16.7.14
- name: mlflow
  repository: oci://registry-1.docker.io/bitnamicharts
  version: 5.1.0
digest: sha256:3cf69d131c7edcf7f4462cdd59dace520c7452f76857825729dcba837a7250a9
generated: "2025-07-07T12:29:57.838282-07:00"
